{
    "_meta": {
        "hash": {
            "sha256": "bb342263768ad7b7d179ef28c305ae1e7f9bda20baedb36684a0ac3289bb1114"
        },
        "host-environment-markers": {
            "implementation_name": "cpython",
            "implementation_version": "3.6.2",
            "os_name": "posix",
            "platform_machine": "x86_64",
            "platform_python_implementation": "CPython",
            "platform_release": "17.2.0",
            "platform_system": "Darwin",
            "platform_version": "Darwin Kernel Version 17.2.0: Fri Sep 29 18:27:05 PDT 2017; root:xnu-4570.20.62~3/RELEASE_X86_64",
            "python_full_version": "3.6.2",
            "python_version": "3.6",
            "sys_platform": "darwin"
        },
        "pipfile-spec": 6,
        "requires": {},
        "sources": [
            {
                "name": "pypi",
                "url": "https://pypi.python.org/simple",
                "verify_ssl": true
            }
        ]
    },
    "default": {
        "click": {
            "hashes": [
                "sha256:fcf697e1fd4b567d817c69dab10a4035937fe6af175c05fd6806b69f74cbc6c4",
                "sha256:cc6a19da8ebff6e7074f731447ef7e112bd23adf3de5c597cf9989f2fd8defe9"
            ],
            "version": "==6.6"
        },
        "decorator": {
            "hashes": [
                "sha256:5aff536ed9a65c99e8465c774d5859e56e52300aea0a5012c7a1c4a781fbdddb",
                "sha256:9c6e98edcb33499881b86ede07d9968c81ab7c769e28e9af24075f0a5379f070"
            ],
            "version": "==4.0.10"
        },
        "flask": {
            "hashes": [
                "sha256:a4f97abd30d289e548434ef42317a793f58087be1989eab96f2c647470e77000",
                "sha256:b4713f2bfb9ebc2966b8a49903ae0d3984781d5c878591cf2f7b484d28756b0e"
            ],
            "version": "==0.11.1"
        },
        "flask-api": {
            "hashes": [
                "sha256:1c79ccc34ceb9a8ac02dd32bbd1c0c0472a5db4c4e2811bb88749a522bb1d182"
            ],
            "version": "==0.6.9"
        },
        "flask-heroku": {
            "hashes": [
                "sha256:ace93c5dd9c9a1b09588a49742153b24435f1ed3d9dcecb8531ffb6e0b4dfb97"
            ],
            "version": "==0.1.9"
        },
        "gunicorn": {
            "hashes": [
                "sha256:723234ea1fa8dff370ab69830ba8bc37469a7cba13fd66055faeef24085e6530",
                "sha256:813f6916d18a4c8e90efde72f419308b357692f81333cb1125f80013d22fb618"
            ],
            "version": "==19.6.0"
        },
        "imageio": {
            "hashes": [
                "sha256:05ff2e15820d444c8a84aeafdd2c7d302dea9168c4f586f25bf3557c242dcffd",
                "sha256:3e3dacc097ba56ecfd5afad284705f94c3dc414ac24b8122288da48942d90c59",
                "sha256:8e7b46118f49fad8e8e14a6d8ef87de50d22e7437e25f6bfeb32d65a646cdca9"
            ],
            "version": "==1.6"
        },
        "itsdangerous": {
            "hashes": [
                "sha256:cbb3fcf8d3e33df861709ecaf89d9e6629cff0a217bc2848f1b41cd30d360519"
            ],
            "version": "==0.24"
        },
        "jinja2": {
            "hashes": [
                "sha256:1cc03ef32b64be19e0a5b54578dd790906a34943fe9102cfdae0d4495bd536b4",
                "sha256:bc1ff2ff88dbfacefde4ddde471d1417d3b304e8df103a7a9437d47269201bf4"
            ],
            "version": "==2.8"
        },
        "markupsafe": {
            "hashes": [
                "sha256:a4ec1aff59b95a14b45eb2e23761a0179e98319da5a7eb76b56ea8cdc7b871c3"
            ],
            "version": "==0.23"
        },
        "moviepy": {
            "hashes": [
                "sha256:d937d817e534efc54eaee2fc4c0e70b48fcd81e1528cd6425f22178704681dc3"
            ],
            "version": "==0.2.2.11"
        },
        "numpy": {
            "hashes": [
                "sha256:a28fae3ce1c174a5ca97ac31046034772848b31933de7fb94aadaa7d45fb7c48",
                "sha256:b88b880e1dbbc99996bbdb90e2e8ea4800f1273025488a042e549735c7c3eb14",
                "sha256:5c5bca330229ea1e33f9170ffee2a9aa60adf0044e9d5446679f5937767f49c6",
                "sha256:9a9bfdd0eadc59335ac7cfc7df955e579220719c1e4751f3f0c9c91b6ab4b2f7",
                "sha256:659c49cd031ed50caa9b3aa0eba82942f8fa183da51b50caecdd7fb93f9ca33f",
                "sha256:a842b8a3c8384aa2f9af724c4c2db18fd4e08139cfd6f77ca8ce189025e90111",
                "sha256:0d977fb8b9594dff18759ff901135626c82b8b4a6327ab6dce6a3723b3cb920a",
                "sha256:556a3ba02f0484584e6b9ada7b931b3edf9f19fc114da311f88b3123f16587e2",
                "sha256:d42a7cbddacf36c83f8ae00f8d7f110e5601ae79062fad2fcce9c8d1c17a3b26",
                "sha256:b133ed34bd14cb3d7e533d42f03c5bd82bfe0ca60908da0d3e5d7906321ffa36",
                "sha256:848a6496069794637f502345c7dba1309688d8d4d9264b3938df19c7f8dd51a3",
                "sha256:420985a52f6660c94f460413b57ab52fb47c8e2e283c473de91443c0ed76ac11",
                "sha256:2b05451d1f1c237db09990eec032990fbee43d9f65503f09b3f5edcf6fe4093d",
                "sha256:a9ae4a0aa538c1fb64e25c9f9b2b04464a28425c1f0ebc1305ff98f62ddc7b32",
                "sha256:29fe03fb1b68b845d493e3f905650044f2b4ea3d875b9ed36f5c568e7b18bb2f",
                "sha256:fb409d73e35f36bb212b4b2f54e7b6783bd4e088b5593f712689b47c72af9d89",
                "sha256:ae5385f4a3255f183ff57dd56b316e3e5294772c2ea49e132df8aaafc9639db5",
                "sha256:04db2fbd64e2e7c68e740b14402b25af51418fc43a59d9e54172b38b906b0f69",
                "sha256:c1ed4d1d2a795409c7df1eb4bfee65c0e3326cfc7c57875fa39e5c7414116d9a"
            ],
            "version": "==1.11.2"
        },
        "python-dotenv": {
            "hashes": [
                "sha256:dc7940052cfe170e881aea40feb4ea7776e6a97170ed038fd2ee7e26e47585f2",
                "sha256:45e927c34204c90f5faa35ea8709b894f6b1a7712d77eb50940601068040993b"
            ],
            "version": "==0.7.1"
        },
        "redis": {
            "hashes": [
                "sha256:8a1900a9f2a0a44ecf6e8b5eb3e967a9909dfed219ad66df094f27f7d6f330fb",
                "sha256:a22ca993cea2962dbb588f9f30d0015ac4afcc45bee27d3978c0dbe9e97c6c0f"
            ],
            "version": "==2.10.6"
        },
        "requests": {
            "hashes": [
                "sha256:d92ed9912bab3f5e52d8e231be82c106650f648185e952f83c44ab4f2be55c0c",
                "sha256:de5d266953875e9647e37ef7bfe6ef1a46ff8ddfe61b5b3652edf7ea717ee2b2"
            ],
            "version": "==2.12.3"
        },
        "rq": {
            "hashes": [
                "sha256:ab7a17ab234d7cf7081298ce10c3c120eae48f5dd7979d806ab2de60713699f2",
                "sha256:148266578438bde12cd6777be58161fb8b5f3e6808c05e1413cbb3231b59ba96"
            ],
            "version": "==0.9.2"
        },
        "tqdm": {
            "hashes": [
                "sha256:e1f17da0d9f8c808e0db6c7de525d108e76aab47ef1901c529e4d63f0338beb2",
                "sha256:1690ef8d0e06366ad7c8767b9a6408f116a16ff3c0972e05d8c3ac1c2411f0bf",
                "sha256:5e4a088bf336436ce4616c4ddea7d619babb5c35ae4c6449e0d0b19bd1379a3b"
            ],
            "version": "==4.10.0"
        },
        "werkzeug": {
            "hashes": [
                "sha256:eb3108af06aed08fb2f4fc883f2adf04c8f4997f6368517591b2becf15ae0da2",
                "sha256:e72c46bc14405cba7a26bd2ce28df734471bc9016bc8b4cb69466c2c14c2f7e5"
            ],
            "version": "==0.11.11"
        }
    },
    "develop": {}
}
